
Microsoft Visual Studio Solution File, Format Version 12.00
# Visual Studio Version 17
VisualStudioVersion = 17.14.36811.4 d17.14
MinimumVisualStudioVersion = 10.0.40219.1
Project("{FAE04EC0-301F-11D3-BF4B-00C04F79EFBC}") = "BazaProduktów", "BazaProduktów\BazaProduktów.csproj", "{EA2CF1EB-5351-4B9F-8A8F-71BA1616690E}"
EndProject
Global
	GlobalSection(SolutionConfigurationPlatforms) = preSolution
		Debug|Any CPU = Debug|Any CPU
		Release|Any CPU = Release|Any CPU
	EndGlobalSection
	GlobalSection(ProjectConfigurationPlatforms) = postSolution
		{EA2CF1EB-5351-4B9F-8A8F-71BA1616690E}.Debug|Any CPU.ActiveCfg = Debug|Any CPU
		{EA2CF1EB-5351-4B9F-8A8F-71BA1616690E}.Debug|Any CPU.Build.0 = Debug|Any CPU
		{EA2CF1EB-5351-4B9F-8A8F-71BA1616690E}.Release|Any CPU.ActiveCfg = Release|Any CPU
		{EA2CF1EB-5351-4B9F-8A8F-71BA1616690E}.Release|Any CPU.Build.0 = Release|Any CPU
	EndGlobalSection
	GlobalSection(SolutionProperties) = preSolution
		HideSolutionNode = FALSE
	EndGlobalSection
	GlobalSection(ExtensibilityGlobals) = postSolution
		SolutionGuid = {8902CA92-03F9-4B2C-963F-5F7B442EA8AE}
	EndGlobalSection
EndGlobal
